
Microsoft Visual Studio Solution File, Format Version 12.00
# Visual Studio Version 17
VisualStudioVersion = 17.2.32630.192
MinimumVisualStudioVersion = 10.0.40219.1
Project("{FAE04EC0-301F-11D3-BF4B-00C04F79EFBC}") = "P1103", "P1103\P1103.csproj", "{419BFABE-DED8-4BCD-A674-51E06B5CCC17}"
EndProject
Global
	GlobalSection(SolutionConfigurationPlatforms) = preSolution
		Debug|Any CPU = Debug|Any CPU
		Release|Any CPU = Release|Any CPU
	EndGlobalSection
	GlobalSection(ProjectConfigurationPlatforms) = postSolution
		{419BFABE-DED8-4BCD-A674-51E06B5CCC17}.Debug|Any CPU.ActiveCfg = Debug|Any CPU
		{419BFABE-DED8-4BCD-A674-51E06B5CCC17}.Debug|Any CPU.Build.0 = Debug|Any CPU
		{419BFABE-DED8-4BCD-A674-51E06B5CCC17}.Release|Any CPU.ActiveCfg = Release|Any CPU
		{419BFABE-DED8-4BCD-A674-51E06B5CCC17}.Release|Any CPU.Build.0 = Release|Any CPU
	EndGlobalSection
	GlobalSection(SolutionProperties) = preSolution
		HideSolutionNode = FALSE
	EndGlobalSection
	GlobalSection(ExtensibilityGlobals) = postSolution
		SolutionGuid = {6D7DDA00-8576-496D-9B73-29D3DF2C7D17}
	EndGlobalSection
EndGlobal
