
Microsoft Visual Studio Solution File, Format Version 12.00
# Visual Studio Version 17
VisualStudioVersion = 17.2.32630.192
MinimumVisualStudioVersion = 10.0.40219.1
Project("{FAE04EC0-301F-11D3-BF4B-00C04F79EFBC}") = "P1301", "P1301\P1301.csproj", "{17A13666-CDE4-4C69-AE5E-052AE6F591A8}"
EndProject
Global
	GlobalSection(SolutionConfigurationPlatforms) = preSolution
		Debug|Any CPU = Debug|Any CPU
		Release|Any CPU = Release|Any CPU
	EndGlobalSection
	GlobalSection(ProjectConfigurationPlatforms) = postSolution
		{17A13666-CDE4-4C69-AE5E-052AE6F591A8}.Debug|Any CPU.ActiveCfg = Debug|Any CPU
		{17A13666-CDE4-4C69-AE5E-052AE6F591A8}.Debug|Any CPU.Build.0 = Debug|Any CPU
		{17A13666-CDE4-4C69-AE5E-052AE6F591A8}.Release|Any CPU.ActiveCfg = Release|Any CPU
		{17A13666-CDE4-4C69-AE5E-052AE6F591A8}.Release|Any CPU.Build.0 = Release|Any CPU
	EndGlobalSection
	GlobalSection(SolutionProperties) = preSolution
		HideSolutionNode = FALSE
	EndGlobalSection
	GlobalSection(ExtensibilityGlobals) = postSolution
		SolutionGuid = {92D129E7-E431-4212-B253-D008FE0D6E49}
	EndGlobalSection
EndGlobal
