
Microsoft Visual Studio Solution File, Format Version 12.00
# Visual Studio Version 17
VisualStudioVersion = 17.4.33122.133
MinimumVisualStudioVersion = 10.0.40219.1
Project("{FAE04EC0-301F-11D3-BF4B-00C04F79EFBC}") = "WinFormsApp1", "WinFormsApp1\WinFormsApp1.csproj", "{EC38D34C-D781-4C34-83EF-CF22FDBCF256}"
EndProject
Global
	GlobalSection(SolutionConfigurationPlatforms) = preSolution
		Debug|Any CPU = Debug|Any CPU
		Release|Any CPU = Release|Any CPU
	EndGlobalSection
	GlobalSection(ProjectConfigurationPlatforms) = postSolution
		{EC38D34C-D781-4C34-83EF-CF22FDBCF256}.Debug|Any CPU.ActiveCfg = Debug|Any CPU
		{EC38D34C-D781-4C34-83EF-CF22FDBCF256}.Debug|Any CPU.Build.0 = Debug|Any CPU
		{EC38D34C-D781-4C34-83EF-CF22FDBCF256}.Release|Any CPU.ActiveCfg = Release|Any CPU
		{EC38D34C-D781-4C34-83EF-CF22FDBCF256}.Release|Any CPU.Build.0 = Release|Any CPU
	EndGlobalSection
	GlobalSection(SolutionProperties) = preSolution
		HideSolutionNode = FALSE
	EndGlobalSection
	GlobalSection(ExtensibilityGlobals) = postSolution
		SolutionGuid = {C5CB4481-89EB-4D2E-85EB-D22FB855CC60}
	EndGlobalSection
EndGlobal
