
Microsoft Visual Studio Solution File, Format Version 12.00
# Visual Studio Version 17
VisualStudioVersion = 17.2.32630.192
MinimumVisualStudioVersion = 10.0.40219.1
Project("{FAE04EC0-301F-11D3-BF4B-00C04F79EFBC}") = "P203", "P203\P203.csproj", "{5138E207-9B8C-4CC6-A18A-EA49A2CF6F5D}"
EndProject
Global
	GlobalSection(SolutionConfigurationPlatforms) = preSolution
		Debug|Any CPU = Debug|Any CPU
		Release|Any CPU = Release|Any CPU
	EndGlobalSection
	GlobalSection(ProjectConfigurationPlatforms) = postSolution
		{5138E207-9B8C-4CC6-A18A-EA49A2CF6F5D}.Debug|Any CPU.ActiveCfg = Debug|Any CPU
		{5138E207-9B8C-4CC6-A18A-EA49A2CF6F5D}.Debug|Any CPU.Build.0 = Debug|Any CPU
		{5138E207-9B8C-4CC6-A18A-EA49A2CF6F5D}.Release|Any CPU.ActiveCfg = Release|Any CPU
		{5138E207-9B8C-4CC6-A18A-EA49A2CF6F5D}.Release|Any CPU.Build.0 = Release|Any CPU
	EndGlobalSection
	GlobalSection(SolutionProperties) = preSolution
		HideSolutionNode = FALSE
	EndGlobalSection
	GlobalSection(ExtensibilityGlobals) = postSolution
		SolutionGuid = {12B254EE-21F6-49D8-8907-86CB7499BC40}
	EndGlobalSection
EndGlobal
