
Microsoft Visual Studio Solution File, Format Version 12.00
# Visual Studio Version 17
VisualStudioVersion = 17.4.33122.133
MinimumVisualStudioVersion = 10.0.40219.1
Project("{FAE04EC0-301F-11D3-BF4B-00C04F79EFBC}") = "P1604", "P1604\P1604.csproj", "{76288553-DDA3-4F26-9936-BA405FAB9D33}"
EndProject
Global
	GlobalSection(SolutionConfigurationPlatforms) = preSolution
		Debug|Any CPU = Debug|Any CPU
		Release|Any CPU = Release|Any CPU
	EndGlobalSection
	GlobalSection(ProjectConfigurationPlatforms) = postSolution
		{76288553-DDA3-4F26-9936-BA405FAB9D33}.Debug|Any CPU.ActiveCfg = Debug|Any CPU
		{76288553-DDA3-4F26-9936-BA405FAB9D33}.Debug|Any CPU.Build.0 = Debug|Any CPU
		{76288553-DDA3-4F26-9936-BA405FAB9D33}.Release|Any CPU.ActiveCfg = Release|Any CPU
		{76288553-DDA3-4F26-9936-BA405FAB9D33}.Release|Any CPU.Build.0 = Release|Any CPU
	EndGlobalSection
	GlobalSection(SolutionProperties) = preSolution
		HideSolutionNode = FALSE
	EndGlobalSection
	GlobalSection(ExtensibilityGlobals) = postSolution
		SolutionGuid = {62CF8D77-ED18-41FA-A56E-F0AE82802C30}
	EndGlobalSection
EndGlobal
