
Microsoft Visual Studio Solution File, Format Version 12.00
# Visual Studio Version 17
VisualStudioVersion = 17.4.33213.308
MinimumVisualStudioVersion = 10.0.40219.1
Project("{FAE04EC0-301F-11D3-BF4B-00C04F79EFBC}") = "Exercise20", "Exercise20\Exercise20.csproj", "{7DDCC4B7-A87F-4060-B7E3-0EA22475D8C8}"
EndProject
Global
	GlobalSection(SolutionConfigurationPlatforms) = preSolution
		Debug|Any CPU = Debug|Any CPU
		Release|Any CPU = Release|Any CPU
	EndGlobalSection
	GlobalSection(ProjectConfigurationPlatforms) = postSolution
		{7DDCC4B7-A87F-4060-B7E3-0EA22475D8C8}.Debug|Any CPU.ActiveCfg = Debug|Any CPU
		{7DDCC4B7-A87F-4060-B7E3-0EA22475D8C8}.Debug|Any CPU.Build.0 = Debug|Any CPU
		{7DDCC4B7-A87F-4060-B7E3-0EA22475D8C8}.Release|Any CPU.ActiveCfg = Release|Any CPU
		{7DDCC4B7-A87F-4060-B7E3-0EA22475D8C8}.Release|Any CPU.Build.0 = Release|Any CPU
	EndGlobalSection
	GlobalSection(SolutionProperties) = preSolution
		HideSolutionNode = FALSE
	EndGlobalSection
	GlobalSection(ExtensibilityGlobals) = postSolution
		SolutionGuid = {16BCCD7C-2F6D-4AB4-B8F4-101634681E05}
	EndGlobalSection
EndGlobal
