
Microsoft Visual Studio Solution File, Format Version 12.00
# Visual Studio Version 17
VisualStudioVersion = 17.4.33122.133
MinimumVisualStudioVersion = 10.0.40219.1
Project("{FAE04EC0-301F-11D3-BF4B-00C04F79EFBC}") = "Exercise2", "Exercise2\Exercise2.csproj", "{E65084ED-D74F-4F34-9575-E98301FFE335}"
EndProject
Global
	GlobalSection(SolutionConfigurationPlatforms) = preSolution
		Debug|Any CPU = Debug|Any CPU
		Release|Any CPU = Release|Any CPU
	EndGlobalSection
	GlobalSection(ProjectConfigurationPlatforms) = postSolution
		{E65084ED-D74F-4F34-9575-E98301FFE335}.Debug|Any CPU.ActiveCfg = Debug|Any CPU
		{E65084ED-D74F-4F34-9575-E98301FFE335}.Debug|Any CPU.Build.0 = Debug|Any CPU
		{E65084ED-D74F-4F34-9575-E98301FFE335}.Release|Any CPU.ActiveCfg = Release|Any CPU
		{E65084ED-D74F-4F34-9575-E98301FFE335}.Release|Any CPU.Build.0 = Release|Any CPU
	EndGlobalSection
	GlobalSection(SolutionProperties) = preSolution
		HideSolutionNode = FALSE
	EndGlobalSection
	GlobalSection(ExtensibilityGlobals) = postSolution
		SolutionGuid = {50817105-5789-4595-BD5C-453E52C9910C}
	EndGlobalSection
EndGlobal
