
Microsoft Visual Studio Solution File, Format Version 12.00
# Visual Studio Version 17
VisualStudioVersion = 17.2.32630.192
MinimumVisualStudioVersion = 10.0.40219.1
Project("{FAE04EC0-301F-11D3-BF4B-00C04F79EFBC}") = "P703", "P703\P703.csproj", "{70AB9BB4-D218-4E3D-B49C-2C87AE3EB9EF}"
EndProject
Global
	GlobalSection(SolutionConfigurationPlatforms) = preSolution
		Debug|Any CPU = Debug|Any CPU
		Release|Any CPU = Release|Any CPU
	EndGlobalSection
	GlobalSection(ProjectConfigurationPlatforms) = postSolution
		{70AB9BB4-D218-4E3D-B49C-2C87AE3EB9EF}.Debug|Any CPU.ActiveCfg = Debug|Any CPU
		{70AB9BB4-D218-4E3D-B49C-2C87AE3EB9EF}.Debug|Any CPU.Build.0 = Debug|Any CPU
		{70AB9BB4-D218-4E3D-B49C-2C87AE3EB9EF}.Release|Any CPU.ActiveCfg = Release|Any CPU
		{70AB9BB4-D218-4E3D-B49C-2C87AE3EB9EF}.Release|Any CPU.Build.0 = Release|Any CPU
	EndGlobalSection
	GlobalSection(SolutionProperties) = preSolution
		HideSolutionNode = FALSE
	EndGlobalSection
	GlobalSection(ExtensibilityGlobals) = postSolution
		SolutionGuid = {7F649EC2-990A-4192-B382-3A102B25233D}
	EndGlobalSection
EndGlobal
