
Microsoft Visual Studio Solution File, Format Version 12.00
# Visual Studio Version 17
VisualStudioVersion = 17.2.32630.192
MinimumVisualStudioVersion = 10.0.40219.1
Project("{FAE04EC0-301F-11D3-BF4B-00C04F79EFBC}") = "ConsoleApp4", "ConsoleApp4\ConsoleApp4.csproj", "{894785CF-BB69-450C-A0EA-7171BD5128A5}"
EndProject
Global
	GlobalSection(SolutionConfigurationPlatforms) = preSolution
		Debug|Any CPU = Debug|Any CPU
		Release|Any CPU = Release|Any CPU
	EndGlobalSection
	GlobalSection(ProjectConfigurationPlatforms) = postSolution
		{894785CF-BB69-450C-A0EA-7171BD5128A5}.Debug|Any CPU.ActiveCfg = Debug|Any CPU
		{894785CF-BB69-450C-A0EA-7171BD5128A5}.Debug|Any CPU.Build.0 = Debug|Any CPU
		{894785CF-BB69-450C-A0EA-7171BD5128A5}.Release|Any CPU.ActiveCfg = Release|Any CPU
		{894785CF-BB69-450C-A0EA-7171BD5128A5}.Release|Any CPU.Build.0 = Release|Any CPU
	EndGlobalSection
	GlobalSection(SolutionProperties) = preSolution
		HideSolutionNode = FALSE
	EndGlobalSection
	GlobalSection(ExtensibilityGlobals) = postSolution
		SolutionGuid = {9D45F151-36CB-4E41-B002-24B2419FB7D9}
	EndGlobalSection
EndGlobal
