
Microsoft Visual Studio Solution File, Format Version 12.00
# Visual Studio Version 17
VisualStudioVersion = 17.2.32630.192
MinimumVisualStudioVersion = 10.0.40219.1
Project("{FAE04EC0-301F-11D3-BF4B-00C04F79EFBC}") = "p1402", "p1402\p1402.csproj", "{89B90F73-0630-4FB0-8912-03E81B12676C}"
EndProject
Global
	GlobalSection(SolutionConfigurationPlatforms) = preSolution
		Debug|Any CPU = Debug|Any CPU
		Release|Any CPU = Release|Any CPU
	EndGlobalSection
	GlobalSection(ProjectConfigurationPlatforms) = postSolution
		{89B90F73-0630-4FB0-8912-03E81B12676C}.Debug|Any CPU.ActiveCfg = Debug|Any CPU
		{89B90F73-0630-4FB0-8912-03E81B12676C}.Debug|Any CPU.Build.0 = Debug|Any CPU
		{89B90F73-0630-4FB0-8912-03E81B12676C}.Release|Any CPU.ActiveCfg = Release|Any CPU
		{89B90F73-0630-4FB0-8912-03E81B12676C}.Release|Any CPU.Build.0 = Release|Any CPU
	EndGlobalSection
	GlobalSection(SolutionProperties) = preSolution
		HideSolutionNode = FALSE
	EndGlobalSection
	GlobalSection(ExtensibilityGlobals) = postSolution
		SolutionGuid = {331C382B-F458-4BEF-9008-4CF1BB711FC3}
	EndGlobalSection
EndGlobal
