
Microsoft Visual Studio Solution File, Format Version 12.00
# Visual Studio Version 17
VisualStudioVersion = 17.2.32630.192
MinimumVisualStudioVersion = 10.0.40219.1
Project("{FAE04EC0-301F-11D3-BF4B-00C04F79EFBC}") = "WinFormsApp1", "WinFormsApp1\WinFormsApp1.csproj", "{29A98F8F-B88F-40C0-A3A7-5CCE4E57832C}"
EndProject
Global
	GlobalSection(SolutionConfigurationPlatforms) = preSolution
		Debug|Any CPU = Debug|Any CPU
		Release|Any CPU = Release|Any CPU
	EndGlobalSection
	GlobalSection(ProjectConfigurationPlatforms) = postSolution
		{29A98F8F-B88F-40C0-A3A7-5CCE4E57832C}.Debug|Any CPU.ActiveCfg = Debug|Any CPU
		{29A98F8F-B88F-40C0-A3A7-5CCE4E57832C}.Debug|Any CPU.Build.0 = Debug|Any CPU
		{29A98F8F-B88F-40C0-A3A7-5CCE4E57832C}.Release|Any CPU.ActiveCfg = Release|Any CPU
		{29A98F8F-B88F-40C0-A3A7-5CCE4E57832C}.Release|Any CPU.Build.0 = Release|Any CPU
	EndGlobalSection
	GlobalSection(SolutionProperties) = preSolution
		HideSolutionNode = FALSE
	EndGlobalSection
	GlobalSection(ExtensibilityGlobals) = postSolution
		SolutionGuid = {45E45E0C-7696-4D7D-BC7A-034F13FB80F3}
	EndGlobalSection
EndGlobal
