
Microsoft Visual Studio Solution File, Format Version 12.00
# Visual Studio Version 17
VisualStudioVersion = 17.4.33213.308
MinimumVisualStudioVersion = 10.0.40219.1
Project("{FAE04EC0-301F-11D3-BF4B-00C04F79EFBC}") = "Exercise31", "Exercise31\Exercise31.csproj", "{35FBF35A-CF8A-4F41-B964-C0755B738E6F}"
EndProject
Global
	GlobalSection(SolutionConfigurationPlatforms) = preSolution
		Debug|Any CPU = Debug|Any CPU
		Release|Any CPU = Release|Any CPU
	EndGlobalSection
	GlobalSection(ProjectConfigurationPlatforms) = postSolution
		{35FBF35A-CF8A-4F41-B964-C0755B738E6F}.Debug|Any CPU.ActiveCfg = Debug|Any CPU
		{35FBF35A-CF8A-4F41-B964-C0755B738E6F}.Debug|Any CPU.Build.0 = Debug|Any CPU
		{35FBF35A-CF8A-4F41-B964-C0755B738E6F}.Release|Any CPU.ActiveCfg = Release|Any CPU
		{35FBF35A-CF8A-4F41-B964-C0755B738E6F}.Release|Any CPU.Build.0 = Release|Any CPU
	EndGlobalSection
	GlobalSection(SolutionProperties) = preSolution
		HideSolutionNode = FALSE
	EndGlobalSection
	GlobalSection(ExtensibilityGlobals) = postSolution
		SolutionGuid = {4331F5CE-BB48-4D69-B6DB-4B523CDE4EF5}
	EndGlobalSection
EndGlobal
