
Microsoft Visual Studio Solution File, Format Version 12.00
# Visual Studio Version 17
VisualStudioVersion = 17.2.32630.192
MinimumVisualStudioVersion = 10.0.40219.1
Project("{FAE04EC0-301F-11D3-BF4B-00C04F79EFBC}") = "P1002", "P1002\P1002.csproj", "{5CDC5E0E-B59B-4590-91E0-920DDA7C0240}"
EndProject
Global
	GlobalSection(SolutionConfigurationPlatforms) = preSolution
		Debug|Any CPU = Debug|Any CPU
		Release|Any CPU = Release|Any CPU
	EndGlobalSection
	GlobalSection(ProjectConfigurationPlatforms) = postSolution
		{5CDC5E0E-B59B-4590-91E0-920DDA7C0240}.Debug|Any CPU.ActiveCfg = Debug|Any CPU
		{5CDC5E0E-B59B-4590-91E0-920DDA7C0240}.Debug|Any CPU.Build.0 = Debug|Any CPU
		{5CDC5E0E-B59B-4590-91E0-920DDA7C0240}.Release|Any CPU.ActiveCfg = Release|Any CPU
		{5CDC5E0E-B59B-4590-91E0-920DDA7C0240}.Release|Any CPU.Build.0 = Release|Any CPU
	EndGlobalSection
	GlobalSection(SolutionProperties) = preSolution
		HideSolutionNode = FALSE
	EndGlobalSection
	GlobalSection(ExtensibilityGlobals) = postSolution
		SolutionGuid = {142F8A98-C7A3-41FC-8960-02DBE1D6C856}
	EndGlobalSection
EndGlobal
