
Microsoft Visual Studio Solution File, Format Version 12.00
# Visual Studio Version 17
VisualStudioVersion = 17.2.32630.192
MinimumVisualStudioVersion = 10.0.40219.1
Project("{FAE04EC0-301F-11D3-BF4B-00C04F79EFBC}") = "P804", "P804\P804.csproj", "{465AB03D-9BBA-465B-9C29-BBE7923C41F1}"
EndProject
Global
	GlobalSection(SolutionConfigurationPlatforms) = preSolution
		Debug|Any CPU = Debug|Any CPU
		Release|Any CPU = Release|Any CPU
	EndGlobalSection
	GlobalSection(ProjectConfigurationPlatforms) = postSolution
		{465AB03D-9BBA-465B-9C29-BBE7923C41F1}.Debug|Any CPU.ActiveCfg = Debug|Any CPU
		{465AB03D-9BBA-465B-9C29-BBE7923C41F1}.Debug|Any CPU.Build.0 = Debug|Any CPU
		{465AB03D-9BBA-465B-9C29-BBE7923C41F1}.Release|Any CPU.ActiveCfg = Release|Any CPU
		{465AB03D-9BBA-465B-9C29-BBE7923C41F1}.Release|Any CPU.Build.0 = Release|Any CPU
	EndGlobalSection
	GlobalSection(SolutionProperties) = preSolution
		HideSolutionNode = FALSE
	EndGlobalSection
	GlobalSection(ExtensibilityGlobals) = postSolution
		SolutionGuid = {DECD6DD0-5FDE-4114-A99D-76BAB0CD909E}
	EndGlobalSection
EndGlobal
