
Microsoft Visual Studio Solution File, Format Version 12.00
# Visual Studio Version 17
VisualStudioVersion = 17.2.32630.192
MinimumVisualStudioVersion = 10.0.40219.1
Project("{FAE04EC0-301F-11D3-BF4B-00C04F79EFBC}") = "P1204", "P1204\P1204.csproj", "{5B85300E-B547-4511-AE58-AD75017F2A7C}"
EndProject
Global
	GlobalSection(SolutionConfigurationPlatforms) = preSolution
		Debug|Any CPU = Debug|Any CPU
		Release|Any CPU = Release|Any CPU
	EndGlobalSection
	GlobalSection(ProjectConfigurationPlatforms) = postSolution
		{5B85300E-B547-4511-AE58-AD75017F2A7C}.Debug|Any CPU.ActiveCfg = Debug|Any CPU
		{5B85300E-B547-4511-AE58-AD75017F2A7C}.Debug|Any CPU.Build.0 = Debug|Any CPU
		{5B85300E-B547-4511-AE58-AD75017F2A7C}.Release|Any CPU.ActiveCfg = Release|Any CPU
		{5B85300E-B547-4511-AE58-AD75017F2A7C}.Release|Any CPU.Build.0 = Release|Any CPU
	EndGlobalSection
	GlobalSection(SolutionProperties) = preSolution
		HideSolutionNode = FALSE
	EndGlobalSection
	GlobalSection(ExtensibilityGlobals) = postSolution
		SolutionGuid = {584C7C01-33B8-42EA-9ADE-86566EF8DEE3}
	EndGlobalSection
EndGlobal
