
Microsoft Visual Studio Solution File, Format Version 12.00
# Visual Studio Version 17
VisualStudioVersion = 17.2.32630.192
MinimumVisualStudioVersion = 10.0.40219.1
Project("{FAE04EC0-301F-11D3-BF4B-00C04F79EFBC}") = "P1101", "P1101\P1101.csproj", "{C3A2DF07-95FD-415B-9A72-DEF4F43CD53D}"
EndProject
Global
	GlobalSection(SolutionConfigurationPlatforms) = preSolution
		Debug|Any CPU = Debug|Any CPU
		Release|Any CPU = Release|Any CPU
	EndGlobalSection
	GlobalSection(ProjectConfigurationPlatforms) = postSolution
		{C3A2DF07-95FD-415B-9A72-DEF4F43CD53D}.Debug|Any CPU.ActiveCfg = Debug|Any CPU
		{C3A2DF07-95FD-415B-9A72-DEF4F43CD53D}.Debug|Any CPU.Build.0 = Debug|Any CPU
		{C3A2DF07-95FD-415B-9A72-DEF4F43CD53D}.Release|Any CPU.ActiveCfg = Release|Any CPU
		{C3A2DF07-95FD-415B-9A72-DEF4F43CD53D}.Release|Any CPU.Build.0 = Release|Any CPU
	EndGlobalSection
	GlobalSection(SolutionProperties) = preSolution
		HideSolutionNode = FALSE
	EndGlobalSection
	GlobalSection(ExtensibilityGlobals) = postSolution
		SolutionGuid = {906840EB-A59D-4846-8994-21E35E122F63}
	EndGlobalSection
EndGlobal
