
Microsoft Visual Studio Solution File, Format Version 12.00
# Visual Studio Version 17
VisualStudioVersion = 17.2.32630.192
MinimumVisualStudioVersion = 10.0.40219.1
Project("{FAE04EC0-301F-11D3-BF4B-00C04F79EFBC}") = "P902", "P902\P902.csproj", "{D0D42442-94EC-451D-83A0-BDD31B299973}"
EndProject
Global
	GlobalSection(SolutionConfigurationPlatforms) = preSolution
		Debug|Any CPU = Debug|Any CPU
		Release|Any CPU = Release|Any CPU
	EndGlobalSection
	GlobalSection(ProjectConfigurationPlatforms) = postSolution
		{D0D42442-94EC-451D-83A0-BDD31B299973}.Debug|Any CPU.ActiveCfg = Debug|Any CPU
		{D0D42442-94EC-451D-83A0-BDD31B299973}.Debug|Any CPU.Build.0 = Debug|Any CPU
		{D0D42442-94EC-451D-83A0-BDD31B299973}.Release|Any CPU.ActiveCfg = Release|Any CPU
		{D0D42442-94EC-451D-83A0-BDD31B299973}.Release|Any CPU.Build.0 = Release|Any CPU
	EndGlobalSection
	GlobalSection(SolutionProperties) = preSolution
		HideSolutionNode = FALSE
	EndGlobalSection
	GlobalSection(ExtensibilityGlobals) = postSolution
		SolutionGuid = {95F66339-9B34-4CDD-ADA2-98251534D8AE}
	EndGlobalSection
EndGlobal
