
Microsoft Visual Studio Solution File, Format Version 12.00
# Visual Studio Version 17
VisualStudioVersion = 17.4.33213.308
MinimumVisualStudioVersion = 10.0.40219.1
Project("{FAE04EC0-301F-11D3-BF4B-00C04F79EFBC}") = "Exercise28", "Exercise28\Exercise28.csproj", "{23E81BB6-7F9F-45BD-BB2B-8433CC4F4CF7}"
EndProject
Global
	GlobalSection(SolutionConfigurationPlatforms) = preSolution
		Debug|Any CPU = Debug|Any CPU
		Release|Any CPU = Release|Any CPU
	EndGlobalSection
	GlobalSection(ProjectConfigurationPlatforms) = postSolution
		{23E81BB6-7F9F-45BD-BB2B-8433CC4F4CF7}.Debug|Any CPU.ActiveCfg = Debug|Any CPU
		{23E81BB6-7F9F-45BD-BB2B-8433CC4F4CF7}.Debug|Any CPU.Build.0 = Debug|Any CPU
		{23E81BB6-7F9F-45BD-BB2B-8433CC4F4CF7}.Release|Any CPU.ActiveCfg = Release|Any CPU
		{23E81BB6-7F9F-45BD-BB2B-8433CC4F4CF7}.Release|Any CPU.Build.0 = Release|Any CPU
	EndGlobalSection
	GlobalSection(SolutionProperties) = preSolution
		HideSolutionNode = FALSE
	EndGlobalSection
	GlobalSection(ExtensibilityGlobals) = postSolution
		SolutionGuid = {5D30C9CE-DF2D-4F3B-BFE2-F5CF431BC25E}
	EndGlobalSection
EndGlobal
