
Microsoft Visual Studio Solution File, Format Version 12.00
# Visual Studio Version 17
VisualStudioVersion = 17.2.32630.192
MinimumVisualStudioVersion = 10.0.40219.1
Project("{FAE04EC0-301F-11D3-BF4B-00C04F79EFBC}") = "P602", "P602\P602.csproj", "{0FA22398-75DF-472E-A994-A3952E872093}"
EndProject
Global
	GlobalSection(SolutionConfigurationPlatforms) = preSolution
		Debug|Any CPU = Debug|Any CPU
		Release|Any CPU = Release|Any CPU
	EndGlobalSection
	GlobalSection(ProjectConfigurationPlatforms) = postSolution
		{0FA22398-75DF-472E-A994-A3952E872093}.Debug|Any CPU.ActiveCfg = Debug|Any CPU
		{0FA22398-75DF-472E-A994-A3952E872093}.Debug|Any CPU.Build.0 = Debug|Any CPU
		{0FA22398-75DF-472E-A994-A3952E872093}.Release|Any CPU.ActiveCfg = Release|Any CPU
		{0FA22398-75DF-472E-A994-A3952E872093}.Release|Any CPU.Build.0 = Release|Any CPU
	EndGlobalSection
	GlobalSection(SolutionProperties) = preSolution
		HideSolutionNode = FALSE
	EndGlobalSection
	GlobalSection(ExtensibilityGlobals) = postSolution
		SolutionGuid = {7B24FB18-79BA-4418-97C8-C8A469758591}
	EndGlobalSection
EndGlobal
