
Microsoft Visual Studio Solution File, Format Version 12.00
# Visual Studio Version 17
VisualStudioVersion = 17.2.32630.192
MinimumVisualStudioVersion = 10.0.40219.1
Project("{FAE04EC0-301F-11D3-BF4B-00C04F79EFBC}") = "P503", "P503\P503.csproj", "{2069F7F3-8A1D-48B9-A198-4DBE5DB3A468}"
EndProject
Global
	GlobalSection(SolutionConfigurationPlatforms) = preSolution
		Debug|Any CPU = Debug|Any CPU
		Release|Any CPU = Release|Any CPU
	EndGlobalSection
	GlobalSection(ProjectConfigurationPlatforms) = postSolution
		{2069F7F3-8A1D-48B9-A198-4DBE5DB3A468}.Debug|Any CPU.ActiveCfg = Debug|Any CPU
		{2069F7F3-8A1D-48B9-A198-4DBE5DB3A468}.Debug|Any CPU.Build.0 = Debug|Any CPU
		{2069F7F3-8A1D-48B9-A198-4DBE5DB3A468}.Release|Any CPU.ActiveCfg = Release|Any CPU
		{2069F7F3-8A1D-48B9-A198-4DBE5DB3A468}.Release|Any CPU.Build.0 = Release|Any CPU
	EndGlobalSection
	GlobalSection(SolutionProperties) = preSolution
		HideSolutionNode = FALSE
	EndGlobalSection
	GlobalSection(ExtensibilityGlobals) = postSolution
		SolutionGuid = {77291AFA-09C5-4BB9-B23C-E839E0042AFC}
	EndGlobalSection
EndGlobal
