
Microsoft Visual Studio Solution File, Format Version 12.00
# Visual Studio Version 17
VisualStudioVersion = 17.2.32630.192
MinimumVisualStudioVersion = 10.0.40219.1
Project("{FAE04EC0-301F-11D3-BF4B-00C04F79EFBC}") = "P403", "P403\P403.csproj", "{0C92B77F-3441-42E6-B81A-2EF0650651DF}"
EndProject
Global
	GlobalSection(SolutionConfigurationPlatforms) = preSolution
		Debug|Any CPU = Debug|Any CPU
		Release|Any CPU = Release|Any CPU
	EndGlobalSection
	GlobalSection(ProjectConfigurationPlatforms) = postSolution
		{0C92B77F-3441-42E6-B81A-2EF0650651DF}.Debug|Any CPU.ActiveCfg = Debug|Any CPU
		{0C92B77F-3441-42E6-B81A-2EF0650651DF}.Debug|Any CPU.Build.0 = Debug|Any CPU
		{0C92B77F-3441-42E6-B81A-2EF0650651DF}.Release|Any CPU.ActiveCfg = Release|Any CPU
		{0C92B77F-3441-42E6-B81A-2EF0650651DF}.Release|Any CPU.Build.0 = Release|Any CPU
	EndGlobalSection
	GlobalSection(SolutionProperties) = preSolution
		HideSolutionNode = FALSE
	EndGlobalSection
	GlobalSection(ExtensibilityGlobals) = postSolution
		SolutionGuid = {B6BDA493-3C96-42F2-BFA1-7607FAD6AD6B}
	EndGlobalSection
EndGlobal
