
Microsoft Visual Studio Solution File, Format Version 12.00
# Visual Studio Version 17
VisualStudioVersion = 17.2.32630.192
MinimumVisualStudioVersion = 10.0.40219.1
Project("{FAE04EC0-301F-11D3-BF4B-00C04F79EFBC}") = "P204", "P204\P204.csproj", "{29142DB5-D156-4DEA-A5AC-377568418699}"
EndProject
Global
	GlobalSection(SolutionConfigurationPlatforms) = preSolution
		Debug|Any CPU = Debug|Any CPU
		Release|Any CPU = Release|Any CPU
	EndGlobalSection
	GlobalSection(ProjectConfigurationPlatforms) = postSolution
		{29142DB5-D156-4DEA-A5AC-377568418699}.Debug|Any CPU.ActiveCfg = Debug|Any CPU
		{29142DB5-D156-4DEA-A5AC-377568418699}.Debug|Any CPU.Build.0 = Debug|Any CPU
		{29142DB5-D156-4DEA-A5AC-377568418699}.Release|Any CPU.ActiveCfg = Release|Any CPU
		{29142DB5-D156-4DEA-A5AC-377568418699}.Release|Any CPU.Build.0 = Release|Any CPU
	EndGlobalSection
	GlobalSection(SolutionProperties) = preSolution
		HideSolutionNode = FALSE
	EndGlobalSection
	GlobalSection(ExtensibilityGlobals) = postSolution
		SolutionGuid = {64E293A4-E9CD-408B-B9C0-F218A9D85CA4}
	EndGlobalSection
EndGlobal
