
Microsoft Visual Studio Solution File, Format Version 12.00
# Visual Studio Version 17
VisualStudioVersion = 17.4.33122.133
MinimumVisualStudioVersion = 10.0.40219.1
Project("{FAE04EC0-301F-11D3-BF4B-00C04F79EFBC}") = "P1505", "P1505\P1505.csproj", "{8175FEEB-A597-4160-A0D2-A32001E5264C}"
EndProject
Global
	GlobalSection(SolutionConfigurationPlatforms) = preSolution
		Debug|Any CPU = Debug|Any CPU
		Release|Any CPU = Release|Any CPU
	EndGlobalSection
	GlobalSection(ProjectConfigurationPlatforms) = postSolution
		{8175FEEB-A597-4160-A0D2-A32001E5264C}.Debug|Any CPU.ActiveCfg = Debug|Any CPU
		{8175FEEB-A597-4160-A0D2-A32001E5264C}.Debug|Any CPU.Build.0 = Debug|Any CPU
		{8175FEEB-A597-4160-A0D2-A32001E5264C}.Release|Any CPU.ActiveCfg = Release|Any CPU
		{8175FEEB-A597-4160-A0D2-A32001E5264C}.Release|Any CPU.Build.0 = Release|Any CPU
	EndGlobalSection
	GlobalSection(SolutionProperties) = preSolution
		HideSolutionNode = FALSE
	EndGlobalSection
	GlobalSection(ExtensibilityGlobals) = postSolution
		SolutionGuid = {4AE173B4-A3BA-48CA-A66F-43E6DD5EB33F}
	EndGlobalSection
EndGlobal
