
Microsoft Visual Studio Solution File, Format Version 12.00
# Visual Studio Version 17
VisualStudioVersion = 17.2.32630.192
MinimumVisualStudioVersion = 10.0.40219.1
Project("{FAE04EC0-301F-11D3-BF4B-00C04F79EFBC}") = "ConsoleApp2", "ConsoleApp2\ConsoleApp2.csproj", "{DE923BFD-9D6A-42E6-A203-FD921A3853CD}"
EndProject
Global
	GlobalSection(SolutionConfigurationPlatforms) = preSolution
		Debug|Any CPU = Debug|Any CPU
		Release|Any CPU = Release|Any CPU
	EndGlobalSection
	GlobalSection(ProjectConfigurationPlatforms) = postSolution
		{DE923BFD-9D6A-42E6-A203-FD921A3853CD}.Debug|Any CPU.ActiveCfg = Debug|Any CPU
		{DE923BFD-9D6A-42E6-A203-FD921A3853CD}.Debug|Any CPU.Build.0 = Debug|Any CPU
		{DE923BFD-9D6A-42E6-A203-FD921A3853CD}.Release|Any CPU.ActiveCfg = Release|Any CPU
		{DE923BFD-9D6A-42E6-A203-FD921A3853CD}.Release|Any CPU.Build.0 = Release|Any CPU
	EndGlobalSection
	GlobalSection(SolutionProperties) = preSolution
		HideSolutionNode = FALSE
	EndGlobalSection
	GlobalSection(ExtensibilityGlobals) = postSolution
		SolutionGuid = {41B0053F-DFE9-4995-A1C2-E3075F2CD2A3}
	EndGlobalSection
EndGlobal
