
Microsoft Visual Studio Solution File, Format Version 12.00
# Visual Studio Version 17
VisualStudioVersion = 17.4.33122.133
MinimumVisualStudioVersion = 10.0.40219.1
Project("{FAE04EC0-301F-11D3-BF4B-00C04F79EFBC}") = "Exercise4", "Exercise4\Exercise4.csproj", "{DF343887-FDB4-4DD9-AF5F-5FBCA8AE1A54}"
EndProject
Global
	GlobalSection(SolutionConfigurationPlatforms) = preSolution
		Debug|Any CPU = Debug|Any CPU
		Release|Any CPU = Release|Any CPU
	EndGlobalSection
	GlobalSection(ProjectConfigurationPlatforms) = postSolution
		{DF343887-FDB4-4DD9-AF5F-5FBCA8AE1A54}.Debug|Any CPU.ActiveCfg = Debug|Any CPU
		{DF343887-FDB4-4DD9-AF5F-5FBCA8AE1A54}.Debug|Any CPU.Build.0 = Debug|Any CPU
		{DF343887-FDB4-4DD9-AF5F-5FBCA8AE1A54}.Release|Any CPU.ActiveCfg = Release|Any CPU
		{DF343887-FDB4-4DD9-AF5F-5FBCA8AE1A54}.Release|Any CPU.Build.0 = Release|Any CPU
	EndGlobalSection
	GlobalSection(SolutionProperties) = preSolution
		HideSolutionNode = FALSE
	EndGlobalSection
	GlobalSection(ExtensibilityGlobals) = postSolution
		SolutionGuid = {F4D71F1C-C23A-4E29-A9FC-904753E199BC}
	EndGlobalSection
EndGlobal
