
Microsoft Visual Studio Solution File, Format Version 12.00
# Visual Studio Version 17
VisualStudioVersion = 17.4.33213.308
MinimumVisualStudioVersion = 10.0.40219.1
Project("{FAE04EC0-301F-11D3-BF4B-00C04F79EFBC}") = "Exercise17", "Exercise17\Exercise17.csproj", "{860C5F4E-25F0-4C44-857D-64F4CAB36003}"
EndProject
Global
	GlobalSection(SolutionConfigurationPlatforms) = preSolution
		Debug|Any CPU = Debug|Any CPU
		Release|Any CPU = Release|Any CPU
	EndGlobalSection
	GlobalSection(ProjectConfigurationPlatforms) = postSolution
		{860C5F4E-25F0-4C44-857D-64F4CAB36003}.Debug|Any CPU.ActiveCfg = Debug|Any CPU
		{860C5F4E-25F0-4C44-857D-64F4CAB36003}.Debug|Any CPU.Build.0 = Debug|Any CPU
		{860C5F4E-25F0-4C44-857D-64F4CAB36003}.Release|Any CPU.ActiveCfg = Release|Any CPU
		{860C5F4E-25F0-4C44-857D-64F4CAB36003}.Release|Any CPU.Build.0 = Release|Any CPU
	EndGlobalSection
	GlobalSection(SolutionProperties) = preSolution
		HideSolutionNode = FALSE
	EndGlobalSection
	GlobalSection(ExtensibilityGlobals) = postSolution
		SolutionGuid = {1DBE2BBF-AD6B-4D69-B783-C5EC54802330}
	EndGlobalSection
EndGlobal
