
Microsoft Visual Studio Solution File, Format Version 12.00
# Visual Studio Version 17
VisualStudioVersion = 17.3.32922.545
MinimumVisualStudioVersion = 10.0.40219.1
Project("{FAE04EC0-301F-11D3-BF4B-00C04F79EFBC}") = "3", "3\3.csproj", "{3EF68295-8E11-401E-AFB9-3B38584B2762}"
EndProject
Project("{FAE04EC0-301F-11D3-BF4B-00C04F79EFBC}") = "4", "4\4.csproj", "{556A01F6-6F71-4004-B102-EDD8851416AF}"
EndProject
Project("{FAE04EC0-301F-11D3-BF4B-00C04F79EFBC}") = "5", "5\5.csproj", "{433A1CFD-A3D6-4A6A-8D34-D54F00E42C07}"
EndProject
Project("{FAE04EC0-301F-11D3-BF4B-00C04F79EFBC}") = "6", "6\6.csproj", "{5053AE5B-C4CA-49C9-88D8-C802479177D9}"
EndProject
Project("{FAE04EC0-301F-11D3-BF4B-00C04F79EFBC}") = "7", "7\7.csproj", "{9E6FEFB2-DB5A-48AC-912B-3C643EA9E806}"
EndProject
Project("{FAE04EC0-301F-11D3-BF4B-00C04F79EFBC}") = "8", "8\8.csproj", "{B7DD380C-AE8B-4228-B14B-514E1C8CFAA2}"
EndProject
Project("{FAE04EC0-301F-11D3-BF4B-00C04F79EFBC}") = "9", "9\9.csproj", "{94AE3D06-A469-4D88-8B33-F11F6168AB8F}"
EndProject
Project("{FAE04EC0-301F-11D3-BF4B-00C04F79EFBC}") = "10", "10\10.csproj", "{A4BCA21F-B3EF-4383-A2DD-63FDD95B7D5E}"
EndProject
Project("{FAE04EC0-301F-11D3-BF4B-00C04F79EFBC}") = "11", "11\11.csproj", "{A0D226F7-41A8-4D71-9DB7-9382F757E196}"
EndProject
Project("{FAE04EC0-301F-11D3-BF4B-00C04F79EFBC}") = "12", "12\12.csproj", "{CDFA3A11-1A9C-4F5B-B35B-78D3ED7F6655}"
EndProject
Project("{FAE04EC0-301F-11D3-BF4B-00C04F79EFBC}") = "13", "13\13.csproj", "{BBB89318-9B76-44E9-A111-6ABAB6167353}"
EndProject
Project("{FAE04EC0-301F-11D3-BF4B-00C04F79EFBC}") = "14", "14\14.csproj", "{61A67353-420B-495C-8A91-16DE114DD5EC}"
EndProject
Project("{FAE04EC0-301F-11D3-BF4B-00C04F79EFBC}") = "15", "15\15.csproj", "{A0FBFEBD-677A-4637-B422-F2DF910CC34F}"
EndProject
Project("{FAE04EC0-301F-11D3-BF4B-00C04F79EFBC}") = "16", "16\16.csproj", "{CE77A6F2-0D76-4275-9676-7684AAA71671}"
EndProject
Project("{FAE04EC0-301F-11D3-BF4B-00C04F79EFBC}") = "17", "17\17.csproj", "{1DBB04E3-F84E-488B-AA37-0FAA6537681F}"
EndProject
Project("{FAE04EC0-301F-11D3-BF4B-00C04F79EFBC}") = "18", "18\18.csproj", "{A9BE3C6D-0E30-439B-823B-196D9F3701D3}"
EndProject
Project("{FAE04EC0-301F-11D3-BF4B-00C04F79EFBC}") = "19", "19\19.csproj", "{EAEE5B42-E489-44F2-932E-9C9CABDD3BB3}"
EndProject
Project("{FAE04EC0-301F-11D3-BF4B-00C04F79EFBC}") = "20", "20\20.csproj", "{EF868028-60E9-4758-A44E-2BD3AF13A10B}"
EndProject
Project("{FAE04EC0-301F-11D3-BF4B-00C04F79EFBC}") = "21", "21\21.csproj", "{178A9AF0-8CC7-4D76-9858-215905485B7F}"
EndProject
Project("{FAE04EC0-301F-11D3-BF4B-00C04F79EFBC}") = "22", "22\22.csproj", "{CE09D8F9-CE19-4380-AE15-30230AED6784}"
EndProject
Project("{FAE04EC0-301F-11D3-BF4B-00C04F79EFBC}") = "23", "23\23.csproj", "{A444DCC0-FD7F-492B-847A-2B562E5ADF3F}"
EndProject
Project("{FAE04EC0-301F-11D3-BF4B-00C04F79EFBC}") = "24", "24\24.csproj", "{DAFE4F0A-5C16-43AC-9BC4-7BD281B88726}"
EndProject
Project("{FAE04EC0-301F-11D3-BF4B-00C04F79EFBC}") = "25", "25\25.csproj", "{06A8EA7F-97C3-439B-8BCD-BB3BF7068384}"
EndProject
Project("{FAE04EC0-301F-11D3-BF4B-00C04F79EFBC}") = "26", "26\26.csproj", "{7A220DBB-F033-43C2-A39F-7FAAA255F7C3}"
EndProject
Project("{FAE04EC0-301F-11D3-BF4B-00C04F79EFBC}") = "27", "27\27.csproj", "{6BE9B4B1-4884-498B-9EA6-261F720D85E0}"
EndProject
Project("{FAE04EC0-301F-11D3-BF4B-00C04F79EFBC}") = "28", "28\28.csproj", "{2D03F4F9-5DE2-4EDE-A260-054493A175C6}"
EndProject
Project("{FAE04EC0-301F-11D3-BF4B-00C04F79EFBC}") = "29", "29\29.csproj", "{AA099C07-869F-4ADE-AAAB-2CF906D65A2C}"
EndProject
Project("{FAE04EC0-301F-11D3-BF4B-00C04F79EFBC}") = "30", "30\30.csproj", "{B9F2E5E7-C10B-4860-8D30-3ADB99FBF7C7}"
EndProject
Project("{FAE04EC0-301F-11D3-BF4B-00C04F79EFBC}") = "31", "31\31.csproj", "{50D10D89-9415-4E5B-B03B-5EB96B604331}"
EndProject
Project("{FAE04EC0-301F-11D3-BF4B-00C04F79EFBC}") = "31.2", "31.2\31.2.csproj", "{B5DF4860-BF9D-43E7-A7E1-BE0A377FE01C}"
EndProject
Project("{FAE04EC0-301F-11D3-BF4B-00C04F79EFBC}") = "31.3", "31.3\31.3.csproj", "{77D5FDB2-348C-46EF-BC14-046153FA5E93}"
EndProject
Project("{FAE04EC0-301F-11D3-BF4B-00C04F79EFBC}") = "14573", "14573\14573.csproj", "{F5F64CFB-D85B-406D-AE11-CB0E37B6CC64}"
EndProject
Project("{FAE04EC0-301F-11D3-BF4B-00C04F79EFBC}") = "2", "2\2.csproj", "{5D766B98-40D9-4560-B78E-62C4759B4BCB}"
EndProject
Project("{FAE04EC0-301F-11D3-BF4B-00C04F79EFBC}") = "1", "1\1.csproj", "{3CE8B2D1-F68F-4B1F-97CC-4868867F56FE}"
EndProject
Global
	GlobalSection(SolutionConfigurationPlatforms) = preSolution
		Debug|Any CPU = Debug|Any CPU
		Release|Any CPU = Release|Any CPU
	EndGlobalSection
	GlobalSection(ProjectConfigurationPlatforms) = postSolution
		{3EF68295-8E11-401E-AFB9-3B38584B2762}.Debug|Any CPU.ActiveCfg = Debug|Any CPU
		{3EF68295-8E11-401E-AFB9-3B38584B2762}.Debug|Any CPU.Build.0 = Debug|Any CPU
		{3EF68295-8E11-401E-AFB9-3B38584B2762}.Release|Any CPU.ActiveCfg = Release|Any CPU
		{3EF68295-8E11-401E-AFB9-3B38584B2762}.Release|Any CPU.Build.0 = Release|Any CPU
		{556A01F6-6F71-4004-B102-EDD8851416AF}.Debug|Any CPU.ActiveCfg = Debug|Any CPU
		{556A01F6-6F71-4004-B102-EDD8851416AF}.Debug|Any CPU.Build.0 = Debug|Any CPU
		{556A01F6-6F71-4004-B102-EDD8851416AF}.Release|Any CPU.ActiveCfg = Release|Any CPU
		{556A01F6-6F71-4004-B102-EDD8851416AF}.Release|Any CPU.Build.0 = Release|Any CPU
		{433A1CFD-A3D6-4A6A-8D34-D54F00E42C07}.Debug|Any CPU.ActiveCfg = Debug|Any CPU
		{433A1CFD-A3D6-4A6A-8D34-D54F00E42C07}.Debug|Any CPU.Build.0 = Debug|Any CPU
		{433A1CFD-A3D6-4A6A-8D34-D54F00E42C07}.Release|Any CPU.ActiveCfg = Release|Any CPU
		{433A1CFD-A3D6-4A6A-8D34-D54F00E42C07}.Release|Any CPU.Build.0 = Release|Any CPU
		{5053AE5B-C4CA-49C9-88D8-C802479177D9}.Debug|Any CPU.ActiveCfg = Debug|Any CPU
		{5053AE5B-C4CA-49C9-88D8-C802479177D9}.Debug|Any CPU.Build.0 = Debug|Any CPU
		{5053AE5B-C4CA-49C9-88D8-C802479177D9}.Release|Any CPU.ActiveCfg = Release|Any CPU
		{5053AE5B-C4CA-49C9-88D8-C802479177D9}.Release|Any CPU.Build.0 = Release|Any CPU
		{9E6FEFB2-DB5A-48AC-912B-3C643EA9E806}.Debug|Any CPU.ActiveCfg = Debug|Any CPU
		{9E6FEFB2-DB5A-48AC-912B-3C643EA9E806}.Debug|Any CPU.Build.0 = Debug|Any CPU
		{9E6FEFB2-DB5A-48AC-912B-3C643EA9E806}.Release|Any CPU.ActiveCfg = Release|Any CPU
		{9E6FEFB2-DB5A-48AC-912B-3C643EA9E806}.Release|Any CPU.Build.0 = Release|Any CPU
		{B7DD380C-AE8B-4228-B14B-514E1C8CFAA2}.Debug|Any CPU.ActiveCfg = Debug|Any CPU
		{B7DD380C-AE8B-4228-B14B-514E1C8CFAA2}.Debug|Any CPU.Build.0 = Debug|Any CPU
		{B7DD380C-AE8B-4228-B14B-514E1C8CFAA2}.Release|Any CPU.ActiveCfg = Release|Any CPU
		{B7DD380C-AE8B-4228-B14B-514E1C8CFAA2}.Release|Any CPU.Build.0 = Release|Any CPU
		{94AE3D06-A469-4D88-8B33-F11F6168AB8F}.Debug|Any CPU.ActiveCfg = Debug|Any CPU
		{94AE3D06-A469-4D88-8B33-F11F6168AB8F}.Debug|Any CPU.Build.0 = Debug|Any CPU
		{94AE3D06-A469-4D88-8B33-F11F6168AB8F}.Release|Any CPU.ActiveCfg = Release|Any CPU
		{94AE3D06-A469-4D88-8B33-F11F6168AB8F}.Release|Any CPU.Build.0 = Release|Any CPU
		{A4BCA21F-B3EF-4383-A2DD-63FDD95B7D5E}.Debug|Any CPU.ActiveCfg = Debug|Any CPU
		{A4BCA21F-B3EF-4383-A2DD-63FDD95B7D5E}.Debug|Any CPU.Build.0 = Debug|Any CPU
		{A4BCA21F-B3EF-4383-A2DD-63FDD95B7D5E}.Release|Any CPU.ActiveCfg = Release|Any CPU
		{A4BCA21F-B3EF-4383-A2DD-63FDD95B7D5E}.Release|Any CPU.Build.0 = Release|Any CPU
		{A0D226F7-41A8-4D71-9DB7-9382F757E196}.Debug|Any CPU.ActiveCfg = Debug|Any CPU
		{A0D226F7-41A8-4D71-9DB7-9382F757E196}.Debug|Any CPU.Build.0 = Debug|Any CPU
		{A0D226F7-41A8-4D71-9DB7-9382F757E196}.Release|Any CPU.ActiveCfg = Release|Any CPU
		{A0D226F7-41A8-4D71-9DB7-9382F757E196}.Release|Any CPU.Build.0 = Release|Any CPU
		{CDFA3A11-1A9C-4F5B-B35B-78D3ED7F6655}.Debug|Any CPU.ActiveCfg = Debug|Any CPU
		{CDFA3A11-1A9C-4F5B-B35B-78D3ED7F6655}.Debug|Any CPU.Build.0 = Debug|Any CPU
		{CDFA3A11-1A9C-4F5B-B35B-78D3ED7F6655}.Release|Any CPU.ActiveCfg = Release|Any CPU
		{CDFA3A11-1A9C-4F5B-B35B-78D3ED7F6655}.Release|Any CPU.Build.0 = Release|Any CPU
		{BBB89318-9B76-44E9-A111-6ABAB6167353}.Debug|Any CPU.ActiveCfg = Debug|Any CPU
		{BBB89318-9B76-44E9-A111-6ABAB6167353}.Debug|Any CPU.Build.0 = Debug|Any CPU
		{BBB89318-9B76-44E9-A111-6ABAB6167353}.Release|Any CPU.ActiveCfg = Release|Any CPU
		{BBB89318-9B76-44E9-A111-6ABAB6167353}.Release|Any CPU.Build.0 = Release|Any CPU
		{61A67353-420B-495C-8A91-16DE114DD5EC}.Debug|Any CPU.ActiveCfg = Debug|Any CPU
		{61A67353-420B-495C-8A91-16DE114DD5EC}.Debug|Any CPU.Build.0 = Debug|Any CPU
		{61A67353-420B-495C-8A91-16DE114DD5EC}.Release|Any CPU.ActiveCfg = Release|Any CPU
		{61A67353-420B-495C-8A91-16DE114DD5EC}.Release|Any CPU.Build.0 = Release|Any CPU
		{A0FBFEBD-677A-4637-B422-F2DF910CC34F}.Debug|Any CPU.ActiveCfg = Debug|Any CPU
		{A0FBFEBD-677A-4637-B422-F2DF910CC34F}.Debug|Any CPU.Build.0 = Debug|Any CPU
		{A0FBFEBD-677A-4637-B422-F2DF910CC34F}.Release|Any CPU.ActiveCfg = Release|Any CPU
		{A0FBFEBD-677A-4637-B422-F2DF910CC34F}.Release|Any CPU.Build.0 = Release|Any CPU
		{CE77A6F2-0D76-4275-9676-7684AAA71671}.Debug|Any CPU.ActiveCfg = Debug|Any CPU
		{CE77A6F2-0D76-4275-9676-7684AAA71671}.Debug|Any CPU.Build.0 = Debug|Any CPU
		{CE77A6F2-0D76-4275-9676-7684AAA71671}.Release|Any CPU.ActiveCfg = Release|Any CPU
		{CE77A6F2-0D76-4275-9676-7684AAA71671}.Release|Any CPU.Build.0 = Release|Any CPU
		{1DBB04E3-F84E-488B-AA37-0FAA6537681F}.Debug|Any CPU.ActiveCfg = Debug|Any CPU
		{1DBB04E3-F84E-488B-AA37-0FAA6537681F}.Debug|Any CPU.Build.0 = Debug|Any CPU
		{1DBB04E3-F84E-488B-AA37-0FAA6537681F}.Release|Any CPU.ActiveCfg = Release|Any CPU
		{1DBB04E3-F84E-488B-AA37-0FAA6537681F}.Release|Any CPU.Build.0 = Release|Any CPU
		{A9BE3C6D-0E30-439B-823B-196D9F3701D3}.Debug|Any CPU.ActiveCfg = Debug|Any CPU
		{A9BE3C6D-0E30-439B-823B-196D9F3701D3}.Debug|Any CPU.Build.0 = Debug|Any CPU
		{A9BE3C6D-0E30-439B-823B-196D9F3701D3}.Release|Any CPU.ActiveCfg = Release|Any CPU
		{A9BE3C6D-0E30-439B-823B-196D9F3701D3}.Release|Any CPU.Build.0 = Release|Any CPU
		{EAEE5B42-E489-44F2-932E-9C9CABDD3BB3}.Debug|Any CPU.ActiveCfg = Debug|Any CPU
		{EAEE5B42-E489-44F2-932E-9C9CABDD3BB3}.Debug|Any CPU.Build.0 = Debug|Any CPU
		{EAEE5B42-E489-44F2-932E-9C9CABDD3BB3}.Release|Any CPU.ActiveCfg = Release|Any CPU
		{EAEE5B42-E489-44F2-932E-9C9CABDD3BB3}.Release|Any CPU.Build.0 = Release|Any CPU
		{EF868028-60E9-4758-A44E-2BD3AF13A10B}.Debug|Any CPU.ActiveCfg = Debug|Any CPU
		{EF868028-60E9-4758-A44E-2BD3AF13A10B}.Debug|Any CPU.Build.0 = Debug|Any CPU
		{EF868028-60E9-4758-A44E-2BD3AF13A10B}.Release|Any CPU.ActiveCfg = Release|Any CPU
		{EF868028-60E9-4758-A44E-2BD3AF13A10B}.Release|Any CPU.Build.0 = Release|Any CPU
		{178A9AF0-8CC7-4D76-9858-215905485B7F}.Debug|Any CPU.ActiveCfg = Debug|Any CPU
		{178A9AF0-8CC7-4D76-9858-215905485B7F}.Debug|Any CPU.Build.0 = Debug|Any CPU
		{178A9AF0-8CC7-4D76-9858-215905485B7F}.Release|Any CPU.ActiveCfg = Release|Any CPU
		{178A9AF0-8CC7-4D76-9858-215905485B7F}.Release|Any CPU.Build.0 = Release|Any CPU
		{CE09D8F9-CE19-4380-AE15-30230AED6784}.Debug|Any CPU.ActiveCfg = Debug|Any CPU
		{CE09D8F9-CE19-4380-AE15-30230AED6784}.Debug|Any CPU.Build.0 = Debug|Any CPU
		{CE09D8F9-CE19-4380-AE15-30230AED6784}.Release|Any CPU.ActiveCfg = Release|Any CPU
		{CE09D8F9-CE19-4380-AE15-30230AED6784}.Release|Any CPU.Build.0 = Release|Any CPU
		{A444DCC0-FD7F-492B-847A-2B562E5ADF3F}.Debug|Any CPU.ActiveCfg = Debug|Any CPU
		{A444DCC0-FD7F-492B-847A-2B562E5ADF3F}.Debug|Any CPU.Build.0 = Debug|Any CPU
		{A444DCC0-FD7F-492B-847A-2B562E5ADF3F}.Release|Any CPU.ActiveCfg = Release|Any CPU
		{A444DCC0-FD7F-492B-847A-2B562E5ADF3F}.Release|Any CPU.Build.0 = Release|Any CPU
		{DAFE4F0A-5C16-43AC-9BC4-7BD281B88726}.Debug|Any CPU.ActiveCfg = Debug|Any CPU
		{DAFE4F0A-5C16-43AC-9BC4-7BD281B88726}.Debug|Any CPU.Build.0 = Debug|Any CPU
		{DAFE4F0A-5C16-43AC-9BC4-7BD281B88726}.Release|Any CPU.ActiveCfg = Release|Any CPU
		{DAFE4F0A-5C16-43AC-9BC4-7BD281B88726}.Release|Any CPU.Build.0 = Release|Any CPU
		{06A8EA7F-97C3-439B-8BCD-BB3BF7068384}.Debug|Any CPU.ActiveCfg = Debug|Any CPU
		{06A8EA7F-97C3-439B-8BCD-BB3BF7068384}.Debug|Any CPU.Build.0 = Debug|Any CPU
		{06A8EA7F-97C3-439B-8BCD-BB3BF7068384}.Release|Any CPU.ActiveCfg = Release|Any CPU
		{06A8EA7F-97C3-439B-8BCD-BB3BF7068384}.Release|Any CPU.Build.0 = Release|Any CPU
		{7A220DBB-F033-43C2-A39F-7FAAA255F7C3}.Debug|Any CPU.ActiveCfg = Debug|Any CPU
		{7A220DBB-F033-43C2-A39F-7FAAA255F7C3}.Debug|Any CPU.Build.0 = Debug|Any CPU
		{7A220DBB-F033-43C2-A39F-7FAAA255F7C3}.Release|Any CPU.ActiveCfg = Release|Any CPU
		{7A220DBB-F033-43C2-A39F-7FAAA255F7C3}.Release|Any CPU.Build.0 = Release|Any CPU
		{6BE9B4B1-4884-498B-9EA6-261F720D85E0}.Debug|Any CPU.ActiveCfg = Debug|Any CPU
		{6BE9B4B1-4884-498B-9EA6-261F720D85E0}.Debug|Any CPU.Build.0 = Debug|Any CPU
		{6BE9B4B1-4884-498B-9EA6-261F720D85E0}.Release|Any CPU.ActiveCfg = Release|Any CPU
		{6BE9B4B1-4884-498B-9EA6-261F720D85E0}.Release|Any CPU.Build.0 = Release|Any CPU
		{2D03F4F9-5DE2-4EDE-A260-054493A175C6}.Debug|Any CPU.ActiveCfg = Debug|Any CPU
		{2D03F4F9-5DE2-4EDE-A260-054493A175C6}.Debug|Any CPU.Build.0 = Debug|Any CPU
		{2D03F4F9-5DE2-4EDE-A260-054493A175C6}.Release|Any CPU.ActiveCfg = Release|Any CPU
		{2D03F4F9-5DE2-4EDE-A260-054493A175C6}.Release|Any CPU.Build.0 = Release|Any CPU
		{AA099C07-869F-4ADE-AAAB-2CF906D65A2C}.Debug|Any CPU.ActiveCfg = Debug|Any CPU
		{AA099C07-869F-4ADE-AAAB-2CF906D65A2C}.Debug|Any CPU.Build.0 = Debug|Any CPU
		{AA099C07-869F-4ADE-AAAB-2CF906D65A2C}.Release|Any CPU.ActiveCfg = Release|Any CPU
		{AA099C07-869F-4ADE-AAAB-2CF906D65A2C}.Release|Any CPU.Build.0 = Release|Any CPU
		{B9F2E5E7-C10B-4860-8D30-3ADB99FBF7C7}.Debug|Any CPU.ActiveCfg = Debug|Any CPU
		{B9F2E5E7-C10B-4860-8D30-3ADB99FBF7C7}.Debug|Any CPU.Build.0 = Debug|Any CPU
		{B9F2E5E7-C10B-4860-8D30-3ADB99FBF7C7}.Release|Any CPU.ActiveCfg = Release|Any CPU
		{B9F2E5E7-C10B-4860-8D30-3ADB99FBF7C7}.Release|Any CPU.Build.0 = Release|Any CPU
		{50D10D89-9415-4E5B-B03B-5EB96B604331}.Debug|Any CPU.ActiveCfg = Debug|Any CPU
		{50D10D89-9415-4E5B-B03B-5EB96B604331}.Debug|Any CPU.Build.0 = Debug|Any CPU
		{50D10D89-9415-4E5B-B03B-5EB96B604331}.Release|Any CPU.ActiveCfg = Release|Any CPU
		{50D10D89-9415-4E5B-B03B-5EB96B604331}.Release|Any CPU.Build.0 = Release|Any CPU
		{B5DF4860-BF9D-43E7-A7E1-BE0A377FE01C}.Debug|Any CPU.ActiveCfg = Debug|Any CPU
		{B5DF4860-BF9D-43E7-A7E1-BE0A377FE01C}.Debug|Any CPU.Build.0 = Debug|Any CPU
		{B5DF4860-BF9D-43E7-A7E1-BE0A377FE01C}.Release|Any CPU.ActiveCfg = Release|Any CPU
		{B5DF4860-BF9D-43E7-A7E1-BE0A377FE01C}.Release|Any CPU.Build.0 = Release|Any CPU
		{77D5FDB2-348C-46EF-BC14-046153FA5E93}.Debug|Any CPU.ActiveCfg = Debug|Any CPU
		{77D5FDB2-348C-46EF-BC14-046153FA5E93}.Debug|Any CPU.Build.0 = Debug|Any CPU
		{77D5FDB2-348C-46EF-BC14-046153FA5E93}.Release|Any CPU.ActiveCfg = Release|Any CPU
		{77D5FDB2-348C-46EF-BC14-046153FA5E93}.Release|Any CPU.Build.0 = Release|Any CPU
		{F5F64CFB-D85B-406D-AE11-CB0E37B6CC64}.Debug|Any CPU.ActiveCfg = Debug|Any CPU
		{F5F64CFB-D85B-406D-AE11-CB0E37B6CC64}.Debug|Any CPU.Build.0 = Debug|Any CPU
		{F5F64CFB-D85B-406D-AE11-CB0E37B6CC64}.Release|Any CPU.ActiveCfg = Release|Any CPU
		{F5F64CFB-D85B-406D-AE11-CB0E37B6CC64}.Release|Any CPU.Build.0 = Release|Any CPU
		{5D766B98-40D9-4560-B78E-62C4759B4BCB}.Debug|Any CPU.ActiveCfg = Debug|Any CPU
		{5D766B98-40D9-4560-B78E-62C4759B4BCB}.Debug|Any CPU.Build.0 = Debug|Any CPU
		{5D766B98-40D9-4560-B78E-62C4759B4BCB}.Release|Any CPU.ActiveCfg = Release|Any CPU
		{5D766B98-40D9-4560-B78E-62C4759B4BCB}.Release|Any CPU.Build.0 = Release|Any CPU
		{3CE8B2D1-F68F-4B1F-97CC-4868867F56FE}.Debug|Any CPU.ActiveCfg = Debug|Any CPU
		{3CE8B2D1-F68F-4B1F-97CC-4868867F56FE}.Debug|Any CPU.Build.0 = Debug|Any CPU
		{3CE8B2D1-F68F-4B1F-97CC-4868867F56FE}.Release|Any CPU.ActiveCfg = Release|Any CPU
		{3CE8B2D1-F68F-4B1F-97CC-4868867F56FE}.Release|Any CPU.Build.0 = Release|Any CPU
	EndGlobalSection
	GlobalSection(SolutionProperties) = preSolution
		HideSolutionNode = FALSE
	EndGlobalSection
	GlobalSection(ExtensibilityGlobals) = postSolution
		SolutionGuid = {285C3CDC-B0BA-489B-A864-855F060F0D3D}
	EndGlobalSection
EndGlobal
